dependencies:
- name: cas-postgres
  repository: https://bcgov.github.io/cas-postgres/
  version: 0.8.4
- name: redis
  repository: https://charts.bitnami.com/bitnami
  version: 16.13.2
digest: sha256:e3ae67bb1eefbdc22705d77d11e9123dd056e29e7761da2c60d5b2a48c01955e
generated: "2023-11-01T16:43:17.996380401-07:00"
