dependencies:
- name: cas-postgres
  repository: https://bcgov.github.io/cas-postgres/
  version: 0.8.0
- name: redis
  repository: https://charts.bitnami.com/bitnami
  version: 12.2.2
digest: sha256:2248b22f127fb1fc50353e139e068eddb44f5769daecdf52876f32f0f9548294
generated: "2021-03-05T14:50:25.96437-08:00"
