dependencies:
- name: cas-postgres
  repository: https://bcgov.github.io/cas-postgres/
  version: 0.8.3
- name: redis
  repository: https://charts.bitnami.com/bitnami
  version: 12.2.2
digest: sha256:4b5834759a50addc89dee7b185fe9531710b19ef30c803353ceb997fb61c0971
generated: "2021-10-14T09:08:49.615966192-07:00"
